
Microsoft Visual Studio Solution File, Format Version 12.00
# Visual Studio Version 16
VisualStudioVersion = 16.0.29728.190
MinimumVisualStudioVersion = 10.0.40219.1
Project("{FAE04EC0-301F-11D3-BF4B-00C04F79EFBC}") = "REIDAccess", "REIDAccess.csproj", "{3BEA7DA9-8D64-4EBA-B520-7630BB61B621}"
EndProject
Global
	GlobalSection(SolutionConfigurationPlatforms) = preSolution
		Debug|Any CPU = Debug|Any CPU
		Release|Any CPU = Release|Any CPU
	EndGlobalSection
	GlobalSection(ProjectConfigurationPlatforms) = postSolution
		{3BEA7DA9-8D64-4EBA-B520-7630BB61B621}.Debug|Any CPU.ActiveCfg = Debug|Any CPU
		{3BEA7DA9-8D64-4EBA-B520-7630BB61B621}.Debug|Any CPU.Build.0 = Debug|Any CPU
		{3BEA7DA9-8D64-4EBA-B520-7630BB61B621}.Release|Any CPU.ActiveCfg = Release|Any CPU
		{3BEA7DA9-8D64-4EBA-B520-7630BB61B621}.Release|Any CPU.Build.0 = Release|Any CPU
	EndGlobalSection
	GlobalSection(SolutionProperties) = preSolution
		HideSolutionNode = FALSE
	EndGlobalSection
	GlobalSection(ExtensibilityGlobals) = postSolution
		SolutionGuid = {A1A2FEED-F811-441C-A200-457507C08C32}
	EndGlobalSection
EndGlobal
